
Microsoft Visual Studio Solution File, Format Version 12.00
# Visual Studio Version 17
VisualStudioVersion = 17.6.33723.286
MinimumVisualStudioVersion = 10.0.40219.1
Project("{9A19103F-16F7-4668-BE54-9A1E7A4F7556}") = "DSA LB Series", "DSA LB Series.csproj", "{063743E1-7296-4FDF-AB02-912650382A77}"
EndProject
Project("{FAE04EC0-301F-11D3-BF4B-00C04F79EFBC}") = "DSA LB Series.Tests", "..\DSA LB Series.Tests\DSA LB Series.Tests.csproj", "{CC4DE80E-C02C-43E5-A1E8-1CD1C26E1049}"
EndProject
Global
	GlobalSection(SolutionConfigurationPlatforms) = preSolution
		Debug|Any CPU = Debug|Any CPU
		Release|Any CPU = Release|Any CPU
	EndGlobalSection
	GlobalSection(ProjectConfigurationPlatforms) = postSolution
		{063743E1-7296-4FDF-AB02-912650382A77}.Debug|Any CPU.ActiveCfg = Debug|Any CPU
		{063743E1-7296-4FDF-AB02-912650382A77}.Debug|Any CPU.Build.0 = Debug|Any CPU
		{063743E1-7296-4FDF-AB02-912650382A77}.Release|Any CPU.ActiveCfg = Release|Any CPU
		{063743E1-7296-4FDF-AB02-912650382A77}.Release|Any CPU.Build.0 = Release|Any CPU
		{CC4DE80E-C02C-43E5-A1E8-1CD1C26E1049}.Debug|Any CPU.ActiveCfg = Debug|Any CPU
		{CC4DE80E-C02C-43E5-A1E8-1CD1C26E1049}.Debug|Any CPU.Build.0 = Debug|Any CPU
		{CC4DE80E-C02C-43E5-A1E8-1CD1C26E1049}.Release|Any CPU.ActiveCfg = Release|Any CPU
		{CC4DE80E-C02C-43E5-A1E8-1CD1C26E1049}.Release|Any CPU.Build.0 = Release|Any CPU
	EndGlobalSection
	GlobalSection(SolutionProperties) = preSolution
		HideSolutionNode = FALSE
	EndGlobalSection
	GlobalSection(ExtensibilityGlobals) = postSolution
		SolutionGuid = {8A775DD5-B328-4A87-BC8E-049EA692C7E1}
	EndGlobalSection
EndGlobal
